
Microsoft Visual Studio Solution File, Format Version 12.00
# Visual Studio Version 17
VisualStudioVersion = 17.0.31903.59
MinimumVisualStudioVersion = 10.0.40219.1
Project("{2150E333-8FDC-42A3-9474-1A3956D46DE8}") = "src", "src", "{136CC251-CC09-47BC-8B14-FF600C3AED76}"
EndProject
Project("{FAE04EC0-301F-11D3-BF4B-00C04F79EFBC}") = "GranTurismoTelemetry", "src\GranTurismoTelemetry\GranTurismoTelemetry.csproj", "{F04DA53A-3504-48E6-9734-902DE6010C0D}"
EndProject
Project("{2150E333-8FDC-42A3-9474-1A3956D46DE8}") = "tests", "tests", "{8858227B-3DFD-4808-8018-E47ADFF5C27F}"
EndProject
Project("{FAE04EC0-301F-11D3-BF4B-00C04F79EFBC}") = "GranTurismoTelemetry.Tests", "tests\GranTurismoTelemetry.Tests\GranTurismoTelemetry.Tests.csproj", "{F80D1D32-7D6A-422B-84DF-C3430794FF8A}"
EndProject
Global
	GlobalSection(SolutionConfigurationPlatforms) = preSolution
		Debug|Any CPU = Debug|Any CPU
		Release|Any CPU = Release|Any CPU
	EndGlobalSection
	GlobalSection(SolutionProperties) = preSolution
		HideSolutionNode = FALSE
	EndGlobalSection
	GlobalSection(ProjectConfigurationPlatforms) = postSolution
		{F04DA53A-3504-48E6-9734-902DE6010C0D}.Debug|Any CPU.ActiveCfg = Debug|Any CPU
		{F04DA53A-3504-48E6-9734-902DE6010C0D}.Debug|Any CPU.Build.0 = Debug|Any CPU
		{F04DA53A-3504-48E6-9734-902DE6010C0D}.Release|Any CPU.ActiveCfg = Release|Any CPU
		{F04DA53A-3504-48E6-9734-902DE6010C0D}.Release|Any CPU.Build.0 = Release|Any CPU
		{F80D1D32-7D6A-422B-84DF-C3430794FF8A}.Debug|Any CPU.ActiveCfg = Debug|Any CPU
		{F80D1D32-7D6A-422B-84DF-C3430794FF8A}.Debug|Any CPU.Build.0 = Debug|Any CPU
		{F80D1D32-7D6A-422B-84DF-C3430794FF8A}.Release|Any CPU.ActiveCfg = Release|Any CPU
		{F80D1D32-7D6A-422B-84DF-C3430794FF8A}.Release|Any CPU.Build.0 = Release|Any CPU
	EndGlobalSection
	GlobalSection(NestedProjects) = preSolution
		{F04DA53A-3504-48E6-9734-902DE6010C0D} = {136CC251-CC09-47BC-8B14-FF600C3AED76}
		{F80D1D32-7D6A-422B-84DF-C3430794FF8A} = {8858227B-3DFD-4808-8018-E47ADFF5C27F}
	EndGlobalSection
EndGlobal
